{
  "name": "coreconfig",
  "version": "1.0.0",
  "lockfileVersion": 1,
  "requires": true,
  "dependencies": {
    "languageconfig": {
      "version": "git+https://github.com/rickyhadi/languageconfig.git#ad3518f3aba8cc98b53beb6df73e90342099f23e",
      "requires": {
        "appconfig": "git+https://github.com/rickyhadi/appconfig.git#47f56339b34cfc8217c1e98ec814569e474e7911"
      },
      "dependencies": {
        "appconfig": {
          "version": "git+https://github.com/rickyhadi/appconfig.git#47f56339b34cfc8217c1e98ec814569e474e7911"
        }
      }
    }
  }
}
