{
  "name": "coreconfig",
  "version": "1.0.0",
  "lockfileVersion": 1,
  "requires": true,
  "dependencies": {
    "asap": {
      "version": "2.0.6",
      "resolved": "https://registry.npmjs.org/asap/-/asap-2.0.6.tgz",
      "integrity": "sha1-5QNHYR1+aQlDIIu9r+vLwvuGbUY="
    },
    "browser-detect": {
      "version": "0.2.22",
      "resolved": "https://registry.npmjs.org/browser-detect/-/browser-detect-0.2.22.tgz",
      "integrity": "sha512-ZjIObDwTZ3NFotm3LxLkQJzoC0vFtAoqyWTlWNE5Jy9KCmtTYE3Vkg67eqB8HIwY8UGpmSf5thhcO0i20J/60w==",
      "requires": {
        "core-js": "2.5.3"
      }
    },
    "core-js": {
      "version": "2.5.3",
      "resolved": "https://registry.npmjs.org/core-js/-/core-js-2.5.3.tgz",
      "integrity": "sha1-isw4NFgk8W2DZbfJtCWRaOjtYD4="
    },
    "cryptowrapper": {
      "version": "git+https://github.com/rickyhadi/cryptowrapper.git#9643c97ce7c58364d5b73feb27e800e79a4daa32"
    },
    "double-ended-queue": {
      "version": "2.1.0-0",
      "resolved": "https://registry.npmjs.org/double-ended-queue/-/double-ended-queue-2.1.0-0.tgz",
      "integrity": "sha1-ED01J/0xUo9AGIEwyEHv3XgmTlw="
    },
    "helper": {
      "version": "git+https://github.com/rickyhadi/helper.git#7843ca1237725507cb93acd29f041b6a8d5a6bf1",
      "requires": {
        "browser-detect": "0.2.22",
        "cryptowrapper": "git+https://github.com/rickyhadi/cryptowrapper.git#9643c97ce7c58364d5b73feb27e800e79a4daa32",
        "rediswrapper": "git+https://github.com/rickyhadi/rediswrapper.git#92c8709de8e3be333ac22dca78718fe305edeae4"
      }
    },
    "promise": {
      "version": "8.0.1",
      "resolved": "https://registry.npmjs.org/promise/-/promise-8.0.1.tgz",
      "integrity": "sha1-5F1osAoXZHttpxG/he1u1HII9FA=",
      "requires": {
        "asap": "2.0.6"
      }
    },
    "redis": {
      "version": "2.8.0",
      "resolved": "https://registry.npmjs.org/redis/-/redis-2.8.0.tgz",
      "integrity": "sha512-M1OkonEQwtRmZv4tEWF2VgpG0JWJ8Fv1PhlgT5+B+uNq2cA3Rt1Yt/ryoR+vQNOQcIEgdCdfH0jr3bDpihAw1A==",
      "requires": {
        "double-ended-queue": "2.1.0-0",
        "redis-commands": "1.3.1",
        "redis-parser": "2.6.0"
      }
    },
    "redis-commands": {
      "version": "1.3.1",
      "resolved": "https://registry.npmjs.org/redis-commands/-/redis-commands-1.3.1.tgz",
      "integrity": "sha1-gdgm9F+pyLIBH0zXoP5ZfSQdRCs="
    },
    "redis-parser": {
      "version": "2.6.0",
      "resolved": "https://registry.npmjs.org/redis-parser/-/redis-parser-2.6.0.tgz",
      "integrity": "sha1-Uu0J2srBCPGmMcB+m2mUHnoZUEs="
    },
    "rediswrapper": {
      "version": "git+https://github.com/rickyhadi/rediswrapper.git#92c8709de8e3be333ac22dca78718fe305edeae4",
      "requires": {
        "promise": "8.0.1",
        "redis": "2.8.0"
      }
    }
  }
}
